// !$*UTF8*$!
{
	archiveVersion = 1;
	classes = {
	};
	objectVersion = 56;
	objects = {

/* Begin PBXBuildFile section */
		A6631BE12BB1D2020046A56A /* Combine_UnitTestingApp.swift in Sources */ = {isa = PBXBuildFile; fileRef = A6631BE02BB1D2020046A56A /* Combine_UnitTestingApp.swift */; };
		A6631BE32BB1D2020046A56A /* ContentView.swift in Sources */ = {isa = PBXBuildFile; fileRef = A6631BE22BB1D2020046A56A /* ContentView.swift */; };
		A6631BE52BB1D2040046A56A /* Assets.xcassets in Resources */ = {isa = PBXBuildFile; fileRef = A6631BE42BB1D2040046A56A /* Assets.xcassets */; };
		A6631BE82BB1D2040046A56A /* Preview Assets.xcassets in Resources */ = {isa = PBXBuildFile; fileRef = A6631BE72BB1D2040046A56A /* Preview Assets.xcassets */; };
		A6631BF22BB1D2040046A56A /* Combine_UnitTestingTests.swift in Sources */ = {isa = PBXBuildFile; fileRef = A6631BF12BB1D2040046A56A /* Combine_UnitTestingTests.swift */; };
		A6631BFC2BB1D2040046A56A /* Combine_UnitTestingUITests.swift in Sources */ = {isa = PBXBuildFile; fileRef = A6631BFB2BB1D2040046A56A /* Combine_UnitTestingUITests.swift */; };
		A6631BFE2BB1D2040046A56A /* Combine_UnitTestingUITestsLaunchTests.swift in Sources */ = {isa = PBXBuildFile; fileRef = A6631BFD2BB1D2040046A56A /* Combine_UnitTestingUITestsLaunchTests.swift */; };
/* End PBXBuildFile section */

/* Begin PBXContainerItemProxy section */
		A6631BEE2BB1D2040046A56A /* PBXContainerItemProxy */ = {
			isa = PBXContainerItemProxy;
			containerPortal = A6631BD52BB1D2020046A56A /* Project object */;
			proxyType = 1;
			remoteGlobalIDString = A6631BDC2BB1D2020046A56A;
			remoteInfo = "Combine+UnitTesting";
		};
		A6631BF82BB1D2040046A56A /* PBXContainerItemProxy */ = {
			isa = PBXContainerItemProxy;
			containerPortal = A6631BD52BB1D2020046A56A /* Project object */;
			proxyType = 1;
			remoteGlobalIDString = A6631BDC2BB1D2020046A56A;
			remoteInfo = "Combine+UnitTesting";
		};
/* End PBXContainerItemProxy section */

/* Begin PBXFileReference section */
		A6631BDD2BB1D2020046A56A /* Combine+UnitTesting.app */ = {isa = PBXFileReference; explicitFileType = wrapper.application; includeInIndex = 0; path = "Combine+UnitTesting.app"; sourceTree = BUILT_PRODUCTS_DIR; };
		A6631BE02BB1D2020046A56A /* Combine_UnitTestingApp.swift */ = {isa = PBXFileReference; lastKnownFileType = sourcecode.swift; path = Combine_UnitTestingApp.swift; sourceTree = "<group>"; };
		A6631BE22BB1D2020046A56A /* ContentView.swift */ = {isa = PBXFileReference; lastKnownFileType = sourcecode.swift; path = ContentView.swift; sourceTree = "<group>"; };
		A6631BE42BB1D2040046A56A /* Assets.xcassets */ = {isa = PBXFileReference; lastKnownFileType = folder.assetcatalog; path = Assets.xcassets; sourceTree = "<group>"; };
		A6631BE72BB1D2040046A56A /* Preview Assets.xcassets */ = {isa = PBXFileReference; lastKnownFileType = folder.assetcatalog; path = "Preview Assets.xcassets"; sourceTree = "<group>"; };
		A6631BED2BB1D2040046A56A /* Combine+UnitTestingTests.xctest */ = {isa = PBXFileReference; explicitFileType = wrapper.cfbundle; includeInIndex = 0; path = "Combine+UnitTestingTests.xctest"; sourceTree = BUILT_PRODUCTS_DIR; };
		A6631BF12BB1D2040046A56A /* Combine_UnitTestingTests.swift */ = {isa = PBXFileReference; lastKnownFileType = sourcecode.swift; path = Combine_UnitTestingTests.swift; sourceTree = "<group>"; };
		A6631BF72BB1D2040046A56A /* Combine+UnitTestingUITests.xctest */ = {isa = PBXFileReference; explicitFileType = wrapper.cfbundle; includeInIndex = 0; path = "Combine+UnitTestingUITests.xctest"; sourceTree = BUILT_PRODUCTS_DIR; };
		A6631BFB2BB1D2040046A56A /* Combine_UnitTestingUITests.swift */ = {isa = PBXFileReference; lastKnownFileType = sourcecode.swift; path = Combine_UnitTestingUITests.swift; sourceTree = "<group>"; };
		A6631BFD2BB1D2040046A56A /* Combine_UnitTestingUITestsLaunchTests.swift */ = {isa = PBXFileReference; lastKnownFileType = sourcecode.swift; path = Combine_UnitTestingUITestsLaunchTests.swift; sourceTree = "<group>"; };
/* End PBXFileReference section */

/* Begin PBXFrameworksBuildPhase section */
		A6631BDA2BB1D2020046A56A /* Frameworks */ = {
			isa = PBXFrameworksBuildPhase;
			buildActionMask = 2147483647;
			files = (
			);
			runOnlyForDeploymentPostprocessing = 0;
		};
		A6631BEA2BB1D2040046A56A /* Frameworks */ = {
			isa = PBXFrameworksBuildPhase;
			buildActionMask = 2147483647;
			files = (
			);
			runOnlyForDeploymentPostprocessing = 0;
		};
		A6631BF42BB1D2040046A56A /* Frameworks */ = {
			isa = PBXFrameworksBuildPhase;
			buildActionMask = 2147483647;
			files = (
			);
			runOnlyForDeploymentPostprocessing = 0;
		};
/* End PBXFrameworksBuildPhase section */

/* Begin PBXGroup section */
		A6631BD42BB1D2020046A56A = {
			isa = PBXGroup;
			children = (
				A6631BDF2BB1D2020046A56A /* Combine+UnitTesting */,
				A6631BF02BB1D2040046A56A /* Combine+UnitTestingTests */,
				A6631BFA2BB1D2040046A56A /* Combine+UnitTestingUITests */,
				A6631BDE2BB1D2020046A56A /* Products */,
			);
			sourceTree = "<group>";
		};
		A6631BDE2BB1D2020046A56A /* Products */ = {
			isa = PBXGroup;
			children = (
				A6631BDD2BB1D2020046A56A /* Combine+UnitTesting.app */,
				A6631BED2BB1D2040046A56A /* Combine+UnitTestingTests.xctest */,
				A6631BF72BB1D2040046A56A /* Combine+UnitTestingUITests.xctest */,
			);
			name = Products;
			sourceTree = "<group>";
		};
		A6631BDF2BB1D2020046A56A /* Combine+UnitTesting */ = {
			isa = PBXGroup;
			children = (
				A6631BE02BB1D2020046A56A /* Combine_UnitTestingApp.swift */,
				A6631BE22BB1D2020046A56A /* ContentView.swift */,
				A6631BE42BB1D2040046A56A /* Assets.xcassets */,
				A6631BE62BB1D2040046A56A /* Preview Content */,
			);
			path = "Combine+UnitTesting";
			sourceTree = "<group>";
		};
		A6631BE62BB1D2040046A56A /* Preview Content */ = {
			isa = PBXGroup;
			children = (
				A6631BE72BB1D2040046A56A /* Preview Assets.xcassets */,
			);
			path = "Preview Content";
			sourceTree = "<group>";
		};
		A6631BF02BB1D2040046A56A /* Combine+UnitTestingTests */ = {
			isa = PBXGroup;
			children = (
				A6631BF12BB1D2040046A56A /* Combine_UnitTestingTests.swift */,
			);
			path = "Combine+UnitTestingTests";
			sourceTree = "<group>";
		};
		A6631BFA2BB1D2040046A56A /* Combine+UnitTestingUITests */ = {
			isa = PBXGroup;
			children = (
				A6631BFB2BB1D2040046A56A /* Combine_UnitTestingUITests.swift */,
				A6631BFD2BB1D2040046A56A /* Combine_UnitTestingUITestsLaunchTests.swift */,
			);
			path = "Combine+UnitTestingUITests";
			sourceTree = "<group>";
		};
/* End PBXGroup section */

/* Begin PBXNativeTarget section */
		A6631BDC2BB1D2020046A56A /* Combine+UnitTesting */ = {
			isa = PBXNativeTarget;
			buildConfigurationList = A6631C012BB1D2040046A56A /* Build configuration list for PBXNativeTarget "Combine+UnitTesting" */;
			buildPhases = (
				A6631BD92BB1D2020046A56A /* Sources */,
				A6631BDA2BB1D2020046A56A /* Frameworks */,
				A6631BDB2BB1D2020046A56A /* Resources */,
			);
			buildRules = (
			);
			dependencies = (
			);
			name = "Combine+UnitTesting";
			productName = "Combine+UnitTesting";
			productReference = A6631BDD2BB1D2020046A56A /* Combine+UnitTesting.app */;
			productType = "com.apple.product-type.application";
		};
		A6631BEC2BB1D2040046A56A /* Combine+UnitTestingTests */ = {
			isa = PBXNativeTarget;
			buildConfigurationList = A6631C042BB1D2040046A56A /* Build configuration list for PBXNativeTarget "Combine+UnitTestingTests" */;
			buildPhases = (
				A6631BE92BB1D2040046A56A /* Sources */,
				A6631BEA2BB1D2040046A56A /* Frameworks */,
				A6631BEB2BB1D2040046A56A /* Resources */,
			);
			buildRules = (
			);
			dependencies = (
				A6631BEF2BB1D2040046A56A /* PBXTargetDependency */,
			);
			name = "Combine+UnitTestingTests";
			productName = "Combine+UnitTestingTests";
			productReference = A6631BED2BB1D2040046A56A /* Combine+UnitTestingTests.xctest */;
			productType = "com.apple.product-type.bundle.unit-test";
		};
		A6631BF62BB1D2040046A56A /* Combine+UnitTestingUITests */ = {
			isa = PBXNativeTarget;
			buildConfigurationList = A6631C072BB1D2040046A56A /* Build configuration list for PBXNativeTarget "Combine+UnitTestingUITests" */;
			buildPhases = (
				A6631BF32BB1D2040046A56A /* Sources */,
				A6631BF42BB1D2040046A56A /* Frameworks */,
				A6631BF52BB1D2040046A56A /* Resources */,
			);
			buildRules = (
			);
			dependencies = (
				A6631BF92BB1D2040046A56A /* PBXTargetDependency */,
			);
			name = "Combine+UnitTestingUITests";
			productName = "Combine+UnitTestingUITests";
			productReference = A6631BF72BB1D2040046A56A /* Combine+UnitTestingUITests.xctest */;
			productType = "com.apple.product-type.bundle.ui-testing";
		};
/* End PBXNativeTarget section */

/* Begin PBXProject section */
		A6631BD52BB1D2020046A56A /* Project object */ = {
			isa = PBXProject;
			attributes = {
				BuildIndependentTargetsInParallel = 1;
				LastSwiftUpdateCheck = 1520;
				LastUpgradeCheck = 1520;
				TargetAttributes = {
					A6631BDC2BB1D2020046A56A = {
						CreatedOnToolsVersion = 15.2;
					};
					A6631BEC2BB1D2040046A56A = {
						CreatedOnToolsVersion = 15.2;
						TestTargetID = A6631BDC2BB1D2020046A56A;
					};
					A6631BF62BB1D2040046A56A = {
						CreatedOnToolsVersion = 15.2;
						TestTargetID = A6631BDC2BB1D2020046A56A;
					};
				};
			};
			buildConfigurationList = A6631BD82BB1D2020046A56A /* Build configuration list for PBXProject "Combine+UnitTesting" */;
			compatibilityVersion = "Xcode 14.0";
			developmentRegion = en;
			hasScannedForEncodings = 0;
			knownRegions = (
				en,
				Base,
			);
			mainGroup = A6631BD42BB1D2020046A56A;
			productRefGroup = A6631BDE2BB1D2020046A56A /* Products */;
			projectDirPath = "";
			projectRoot = "";
			targets = (
				A6631BDC2BB1D2020046A56A /* Combine+UnitTesting */,
				A6631BEC2BB1D2040046A56A /* Combine+UnitTestingTests */,
				A6631BF62BB1D2040046A56A /* Combine+UnitTestingUITests */,
			);
		};
/* End PBXProject section */

/* Begin PBXResourcesBuildPhase section */
		A6631BDB2BB1D2020046A56A /* Resources */ = {
			isa = PBXResourcesBuildPhase;
			buildActionMask = 2147483647;
			files = (
				A6631BE82BB1D2040046A56A /* Preview Assets.xcassets in Resources */,
				A6631BE52BB1D2040046A56A /* Assets.xcassets in Resources */,
			);
			runOnlyForDeploymentPostprocessing = 0;
		};
		A6631BEB2BB1D2040046A56A /* Resources */ = {
			isa = PBXResourcesBuildPhase;
			buildActionMask = 2147483647;
			files = (
			);
			runOnlyForDeploymentPostprocessing = 0;
		};
		A6631BF52BB1D2040046A56A /* Resources */ = {
			isa = PBXResourcesBuildPhase;
			buildActionMask = 2147483647;
			files = (
			);
			runOnlyForDeploymentPostprocessing = 0;
		};
/* End PBXResourcesBuildPhase section */

/* Begin PBXSourcesBuildPhase section */
		A6631BD92BB1D2020046A56A /* Sources */ = {
			isa = PBXSourcesBuildPhase;
			buildActionMask = 2147483647;
			files = (
				A6631BE32BB1D2020046A56A /* ContentView.swift in Sources */,
				A6631BE12BB1D2020046A56A /* Combine_UnitTestingApp.swift in Sources */,
			);
			runOnlyForDeploymentPostprocessing = 0;
		};
		A6631BE92BB1D2040046A56A /* Sources */ = {
			isa = PBXSourcesBuildPhase;
			buildActionMask = 2147483647;
			files = (
				A6631BF22BB1D2040046A56A /* Combine_UnitTestingTests.swift in Sources */,
			);
			runOnlyForDeploymentPostprocessing = 0;
		};
		A6631BF32BB1D2040046A56A /* Sources */ = {
			isa = PBXSourcesBuildPhase;
			buildActionMask = 2147483647;
			files = (
				A6631BFC2BB1D2040046A56A /* Combine_UnitTestingUITests.swift in Sources */,
				A6631BFE2BB1D2040046A56A /* Combine_UnitTestingUITestsLaunchTests.swift in Sources */,
			);
			runOnlyForDeploymentPostprocessing = 0;
		};
/* End PBXSourcesBuildPhase section */

/* Begin PBXTargetDependency section */
		A6631BEF2BB1D2040046A56A /* PBXTargetDependency */ = {
			isa = PBXTargetDependency;
			target = A6631BDC2BB1D2020046A56A /* Combine+UnitTesting */;
			targetProxy = A6631BEE2BB1D2040046A56A /* PBXContainerItemProxy */;
		};
		A6631BF92BB1D2040046A56A /* PBXTargetDependency */ = {
			isa = PBXTargetDependency;
			target = A6631BDC2BB1D2020046A56A /* Combine+UnitTesting */;
			targetProxy = A6631BF82BB1D2040046A56A /* PBXContainerItemProxy */;
		};
/* End PBXTargetDependency section */

/* Begin XCBuildConfiguration section */
		A6631BFF2BB1D2040046A56A /* Debug */ = {
			isa = XCBuildConfiguration;
			buildSettings = {
				ALWAYS_SEARCH_USER_PATHS = NO;
				ASSETCATALOG_COMPILER_GENERATE_SWIFT_ASSET_SYMBOL_EXTENSIONS = YES;
				CLANG_ANALYZER_NONNULL = YES;
				CLANG_ANALYZER_NUMBER_OBJECT_CONVERSION = YES_AGGRESSIVE;
				CLANG_CXX_LANGUAGE_STANDARD = "gnu++20";
				CLANG_ENABLE_MODULES = YES;
				CLANG_ENABLE_OBJC_ARC = YES;
				CLANG_ENABLE_OBJC_WEAK = YES;
				CLANG_WARN_BLOCK_CAPTURE_AUTORELEASING = YES;
				CLANG_WARN_BOOL_CONVERSION = YES;
				CLANG_WARN_COMMA = YES;
				CLANG_WARN_CONSTANT_CONVERSION = YES;
				CLANG_WARN_DEPRECATED_OBJC_IMPLEMENTATIONS = YES;
				CLANG_WARN_DIRECT_OBJC_ISA_USAGE = YES_ERROR;
				CLANG_WARN_DOCUMENTATION_COMMENTS = YES;
				CLANG_WARN_EMPTY_BODY = YES;
				CLANG_WARN_ENUM_CONVERSION = YES;
				CLANG_WARN_INFINITE_RECURSION = YES;
				CLANG_WARN_INT_CONVERSION = YES;
				CLANG_WARN_NON_LITERAL_NULL_CONVERSION = YES;
				CLANG_WARN_OBJC_IMPLICIT_RETAIN_SELF = YES;
				CLANG_WARN_OBJC_LITERAL_CONVERSION = YES;
				CLANG_WARN_OBJC_ROOT_CLASS = YES_ERROR;
				CLANG_WARN_QUOTED_INCLUDE_IN_FRAMEWORK_HEADER = YES;
				CLANG_WARN_RANGE_LOOP_ANALYSIS = YES;
				CLANG_WARN_STRICT_PROTOTYPES = YES;
				CLANG_WARN_SUSPICIOUS_MOVE = YES;
				CLANG_WARN_UNGUARDED_AVAILABILITY = YES_AGGRESSIVE;
				CLANG_WARN_UNREACHABLE_CODE = YES;
				CLANG_WARN__DUPLICATE_METHOD_MATCH = YES;
				COPY_PHASE_STRIP = NO;
				DEBUG_INFORMATION_FORMAT = dwarf;
				ENABLE_STRICT_OBJC_MSGSEND = YES;
				ENABLE_TESTABILITY = YES;
				ENABLE_USER_SCRIPT_SANDBOXING = YES;
				GCC_C_LANGUAGE_STANDARD = gnu17;
				GCC_DYNAMIC_NO_PIC = NO;
				GCC_NO_COMMON_BLOCKS = YES;
				GCC_OPTIMIZATION_LEVEL = 0;
				GCC_PREPROCESSOR_DEFINITIONS = (
					"DEBUG=1",
					"$(inherited)",
				);
				GCC_WARN_64_TO_32_BIT_CONVERSION = YES;
				GCC_WARN_ABOUT_RETURN_TYPE = YES_ERROR;
				GCC_WARN_UNDECLARED_SELECTOR = YES;
				GCC_WARN_UNINITIALIZED_AUTOS = YES_AGGRESSIVE;
				GCC_WARN_UNUSED_FUNCTION = YES;
				GCC_WARN_UNUSED_VARIABLE = YES;
				IPHONEOS_DEPLOYMENT_TARGET = 17.2;
				LOCALIZATION_PREFERS_STRING_CATALOGS = YES;
				MTL_ENABLE_DEBUG_INFO = INCLUDE_SOURCE;
				MTL_FAST_MATH = YES;
				ONLY_ACTIVE_ARCH = YES;
				SDKROOT = iphoneos;
				SWIFT_ACTIVE_COMPILATION_CONDITIONS = "DEBUG $(inherited)";
				SWIFT_OPTIMIZATION_LEVEL = "-Onone";
			};
			name = Debug;
		};
		A6631C002BB1D2040046A56A /* Release */ = {
			isa = XCBuildConfiguration;
			buildSettings = {
				ALWAYS_SEARCH_USER_PATHS = NO;
				ASSETCATALOG_COMPILER_GENERATE_SWIFT_ASSET_SYMBOL_EXTENSIONS = YES;
				CLANG_ANALYZER_NONNULL = YES;
				CLANG_ANALYZER_NUMBER_OBJECT_CONVERSION = YES_AGGRESSIVE;
				CLANG_CXX_LANGUAGE_STANDARD = "gnu++20";
				CLANG_ENABLE_MODULES = YES;
				CLANG_ENABLE_OBJC_ARC = YES;
				CLANG_ENABLE_OBJC_WEAK = YES;
				CLANG_WARN_BLOCK_CAPTURE_AUTORELEASING = YES;
				CLANG_WARN_BOOL_CONVERSION = YES;
				CLANG_WARN_COMMA = YES;
				CLANG_WARN_CONSTANT_CONVERSION = YES;
				CLANG_WARN_DEPRECATED_OBJC_IMPLEMENTATIONS = YES;
				CLANG_WARN_DIRECT_OBJC_ISA_USAGE = YES_ERROR;
				CLANG_WARN_DOCUMENTATION_COMMENTS = YES;
				CLANG_WARN_EMPTY_BODY = YES;
				CLANG_WARN_ENUM_CONVERSION = YES;
				CLANG_WARN_INFINITE_RECURSION = YES;
				CLANG_WARN_INT_CONVERSION = YES;
				CLANG_WARN_NON_LITERAL_NULL_CONVERSION = YES;
				CLANG_WARN_OBJC_IMPLICIT_RETAIN_SELF = YES;
				CLANG_WARN_OBJC_LITERAL_CONVERSION = YES;
				CLANG_WARN_OBJC_ROOT_CLASS = YES_ERROR;
				CLANG_WARN_QUOTED_INCLUDE_IN_FRAMEWORK_HEADER = YES;
				CLANG_WARN_RANGE_LOOP_ANALYSIS = YES;
				CLANG_WARN_STRICT_PROTOTYPES = YES;
				CLANG_WARN_SUSPICIOUS_MOVE = YES;
				CLANG_WARN_UNGUARDED_AVAILABILITY = YES_AGGRESSIVE;
				CLANG_WARN_UNREACHABLE_CODE = YES;
				CLANG_WARN__DUPLICATE_METHOD_MATCH = YES;
				COPY_PHASE_STRIP = NO;
				DEBUG_INFORMATION_FORMAT = "dwarf-with-dsym";
				ENABLE_NS_ASSERTIONS = NO;
				ENABLE_STRICT_OBJC_MSGSEND = YES;
				ENABLE_USER_SCRIPT_SANDBOXING = YES;
				GCC_C_LANGUAGE_STANDARD = gnu17;
				GCC_NO_COMMON_BLOCKS = YES;
				GCC_WARN_64_TO_32_BIT_CONVERSION = YES;
				GCC_WARN_ABOUT_RETURN_TYPE = YES_ERROR;
				GCC_WARN_UNDECLARED_SELECTOR = YES;
				GCC_WARN_UNINITIALIZED_AUTOS = YES_AGGRESSIVE;
				GCC_WARN_UNUSED_FUNCTION = YES;
				GCC_WARN_UNUSED_VARIABLE = YES;
				IPHONEOS_DEPLOYMENT_TARGET = 17.2;
				LOCALIZATION_PREFERS_STRING_CATALOGS = YES;
				MTL_ENABLE_DEBUG_INFO = NO;
				MTL_FAST_MATH = YES;
				SDKROOT = iphoneos;
				SWIFT_COMPILATION_MODE = wholemodule;
				VALIDATE_PRODUCT = YES;
			};
			name = Release;
		};
		A6631C022BB1D2040046A56A /* Debug */ = {
			isa = XCBuildConfiguration;
			buildSettings = {
				ASSETCATALOG_COMPILER_APPICON_NAME = AppIcon;
				ASSETCATALOG_COMPILER_GLOBAL_ACCENT_COLOR_NAME = AccentColor;
				CODE_SIGN_STYLE = Automatic;
				CURRENT_PROJECT_VERSION = 1;
				DEVELOPMENT_ASSET_PATHS = "\"Combine+UnitTesting/Preview Content\"";
				ENABLE_PREVIEWS = YES;
				GENERATE_INFOPLIST_FILE = YES;
				INFOPLIST_KEY_UIApplicationSceneManifest_Generation = YES;
				INFOPLIST_KEY_UIApplicationSupportsIndirectInputEvents = YES;
				INFOPLIST_KEY_UILaunchScreen_Generation = YES;
				INFOPLIST_KEY_UISupportedInterfaceOrientations_iPad = "UIInterfaceOrientationPortrait UIInterfaceOrientationPortraitUpsideDown UIInterfaceOrientationLandscapeLeft UIInterfaceOrientationLandscapeRight";
				INFOPLIST_KEY_UISupportedInterfaceOrientations_iPhone = "UIInterfaceOrientationPortrait UIInterfaceOrientationLandscapeLeft UIInterfaceOrientationLandscapeRight";
				LD_RUNPATH_SEARCH_PATHS = (
					"$(inherited)",
					"@executable_path/Frameworks",
				);
				MARKETING_VERSION = 1.0;
				PRODUCT_BUNDLE_IDENTIFIER = "com.mstomer.Combine-UnitTesting";
				PRODUCT_NAME = "$(TARGET_NAME)";
				SWIFT_EMIT_LOC_STRINGS = YES;
				SWIFT_VERSION = 5.0;
				TARGETED_DEVICE_FAMILY = "1,2";
			};
			name = Debug;
		};
		A6631C032BB1D2040046A56A /* Release */ = {
			isa = XCBuildConfiguration;
			buildSettings = {
				ASSETCATALOG_COMPILER_APPICON_NAME = AppIcon;
				ASSETCATALOG_COMPILER_GLOBAL_ACCENT_COLOR_NAME = AccentColor;
				CODE_SIGN_STYLE = Automatic;
				CURRENT_PROJECT_VERSION = 1;
				DEVELOPMENT_ASSET_PATHS = "\"Combine+UnitTesting/Preview Content\"";
				ENABLE_PREVIEWS = YES;
				GENERATE_INFOPLIST_FILE = YES;
				INFOPLIST_KEY_UIApplicationSceneManifest_Generation = YES;
				INFOPLIST_KEY_UIApplicationSupportsIndirectInputEvents = YES;
				INFOPLIST_KEY_UILaunchScreen_Generation = YES;
				INFOPLIST_KEY_UISupportedInterfaceOrientations_iPad = "UIInterfaceOrientationPortrait UIInterfaceOrientationPortraitUpsideDown UIInterfaceOrientationLandscapeLeft UIInterfaceOrientationLandscapeRight";
				INFOPLIST_KEY_UISupportedInterfaceOrientations_iPhone = "UIInterfaceOrientationPortrait UIInterfaceOrientationLandscapeLeft UIInterfaceOrientationLandscapeRight";
				LD_RUNPATH_SEARCH_PATHS = (
					"$(inherited)",
					"@executable_path/Frameworks",
				);
				MARKETING_VERSION = 1.0;
				PRODUCT_BUNDLE_IDENTIFIER = "com.mstomer.Combine-UnitTesting";
				PRODUCT_NAME = "$(TARGET_NAME)";
				SWIFT_EMIT_LOC_STRINGS = YES;
				SWIFT_VERSION = 5.0;
				TARGETED_DEVICE_FAMILY = "1,2";
			};
			name = Release;
		};
		A6631C052BB1D2040046A56A /* Debug */ = {
			isa = XCBuildConfiguration;
			buildSettings = {
				ALWAYS_EMBED_SWIFT_STANDARD_LIBRARIES = YES;
				BUNDLE_LOADER = "$(TEST_HOST)";
				CODE_SIGN_STYLE = Automatic;
				CURRENT_PROJECT_VERSION = 1;
				GENERATE_INFOPLIST_FILE = YES;
				IPHONEOS_DEPLOYMENT_TARGET = 17.2;
				MARKETING_VERSION = 1.0;
				PRODUCT_BUNDLE_IDENTIFIER = "com.mstomer.Combine-UnitTestingTests";
				PRODUCT_NAME = "$(TARGET_NAME)";
				SWIFT_EMIT_LOC_STRINGS = NO;
				SWIFT_VERSION = 5.0;
				TARGETED_DEVICE_FAMILY = "1,2";
				TEST_HOST = "$(BUILT_PRODUCTS_DIR)/Combine+UnitTesting.app/$(BUNDLE_EXECUTABLE_FOLDER_PATH)/Combine+UnitTesting";
			};
			name = Debug;
		};
		A6631C062BB1D2040046A56A /* Release */ = {
			isa = XCBuildConfiguration;
			buildSettings = {
				ALWAYS_EMBED_SWIFT_STANDARD_LIBRARIES = YES;
				BUNDLE_LOADER = "$(TEST_HOST)";
				CODE_SIGN_STYLE = Automatic;
				CURRENT_PROJECT_VERSION = 1;
				GENERATE_INFOPLIST_FILE = YES;
				IPHONEOS_DEPLOYMENT_TARGET = 17.2;
				MARKETING_VERSION = 1.0;
				PRODUCT_BUNDLE_IDENTIFIER = "com.mstomer.Combine-UnitTestingTests";
				PRODUCT_NAME = "$(TARGET_NAME)";
				SWIFT_EMIT_LOC_STRINGS = NO;
				SWIFT_VERSION = 5.0;
				TARGETED_DEVICE_FAMILY = "1,2";
				TEST_HOST = "$(BUILT_PRODUCTS_DIR)/Combine+UnitTesting.app/$(BUNDLE_EXECUTABLE_FOLDER_PATH)/Combine+UnitTesting";
			};
			name = Release;
		};
		A6631C082BB1D2040046A56A /* Debug */ = {
			isa = XCBuildConfiguration;
			buildSettings = {
				ALWAYS_EMBED_SWIFT_STANDARD_LIBRARIES = YES;
				CODE_SIGN_STYLE = Automatic;
				CURRENT_PROJECT_VERSION = 1;
				GENERATE_INFOPLIST_FILE = YES;
				MARKETING_VERSION = 1.0;
				PRODUCT_BUNDLE_IDENTIFIER = "com.mstomer.Combine-UnitTestingUITests";
				PRODUCT_NAME = "$(TARGET_NAME)";
				SWIFT_EMIT_LOC_STRINGS = NO;
				SWIFT_VERSION = 5.0;
				TARGETED_DEVICE_FAMILY = "1,2";
				TEST_TARGET_NAME = "Combine+UnitTesting";
			};
			name = Debug;
		};
		A6631C092BB1D2040046A56A /* Release */ = {
			isa = XCBuildConfiguration;
			buildSettings = {
				ALWAYS_EMBED_SWIFT_STANDARD_LIBRARIES = YES;
				CODE_SIGN_STYLE = Automatic;
				CURRENT_PROJECT_VERSION = 1;
				GENERATE_INFOPLIST_FILE = YES;
				MARKETING_VERSION = 1.0;
				PRODUCT_BUNDLE_IDENTIFIER = "com.mstomer.Combine-UnitTestingUITests";
				PRODUCT_NAME = "$(TARGET_NAME)";
				SWIFT_EMIT_LOC_STRINGS = NO;
				SWIFT_VERSION = 5.0;
				TARGETED_DEVICE_FAMILY = "1,2";
				TEST_TARGET_NAME = "Combine+UnitTesting";
			};
			name = Release;
		};
/* End XCBuildConfiguration section */

/* Begin XCConfigurationList section */
		A6631BD82BB1D2020046A56A /* Build configuration list for PBXProject "Combine+UnitTesting" */ = {
			isa = XCConfigurationList;
			buildConfigurations = (
				A6631BFF2BB1D2040046A56A /* Debug */,
				A6631C002BB1D2040046A56A /* Release */,
			);
			defaultConfigurationIsVisible = 0;
			defaultConfigurationName = Release;
		};
		A6631C012BB1D2040046A56A /* Build configuration list for PBXNativeTarget "Combine+UnitTesting" */ = {
			isa = XCConfigurationList;
			buildConfigurations = (
				A6631C022BB1D2040046A56A /* Debug */,
				A6631C032BB1D2040046A56A /* Release */,
			);
			defaultConfigurationIsVisible = 0;
			defaultConfigurationName = Release;
		};
		A6631C042BB1D2040046A56A /* Build configuration list for PBXNativeTarget "Combine+UnitTestingTests" */ = {
			isa = XCConfigurationList;
			buildConfigurations = (
				A6631C052BB1D2040046A56A /* Debug */,
				A6631C062BB1D2040046A56A /* Release */,
			);
			defaultConfigurationIsVisible = 0;
			defaultConfigurationName = Release;
		};
		A6631C072BB1D2040046A56A /* Build configuration list for PBXNativeTarget "Combine+UnitTestingUITests" */ = {
			isa = XCConfigurationList;
			buildConfigurations = (
				A6631C082BB1D2040046A56A /* Debug */,
				A6631C092BB1D2040046A56A /* Release */,
			);
			defaultConfigurationIsVisible = 0;
			defaultConfigurationName = Release;
		};
/* End XCConfigurationList section */
	};
	rootObject = A6631BD52BB1D2020046A56A /* Project object */;
}
